Microsoft Visual Studio Solution File, Format Version 12.00
# Visual Studio Version 17
VisualStudioVersion = 17.5.2.0
MinimumVisualStudioVersion = 10.0.40219.1
Project("{FAE04EC0-301F-11D3-BF4B-00C04F79EFBC}") = "Ecommerence.web", "Ecommerence.web\Ecommerence.web.csproj", "{3D3599D1-C7CE-E4A5-46A5-809F1D363E78}"
EndProject
Project("{FAE04EC0-301F-11D3-BF4B-00C04F79EFBC}") = "Ecommerence.Presentation", "Ecommerence.Presentation\Ecommerence.Presentation.csproj", "{A7384CC9-7772-E0F4-BCA1-CF470212413B}"
EndProject
Global
	GlobalSection(SolutionConfigurationPlatforms) = preSolution
		Debug|Any CPU = Debug|Any CPU
		Release|Any CPU = Release|Any CPU
	EndGlobalSection
	GlobalSection(ProjectConfigurationPlatforms) = postSolution
		{3D3599D1-C7CE-E4A5-46A5-809F1D363E78}.Debug|Any CPU.ActiveCfg = Debug|Any CPU
		{3D3599D1-C7CE-E4A5-46A5-809F1D363E78}.Debug|Any CPU.Build.0 = Debug|Any CPU
		{3D3599D1-C7CE-E4A5-46A5-809F1D363E78}.Release|Any CPU.ActiveCfg = Release|Any CPU
		{3D3599D1-C7CE-E4A5-46A5-809F1D363E78}.Release|Any CPU.Build.0 = Release|Any CPU
		{A7384CC9-7772-E0F4-BCA1-CF470212413B}.Debug|Any CPU.ActiveCfg = Debug|Any CPU
		{A7384CC9-7772-E0F4-BCA1-CF470212413B}.Debug|Any CPU.Build.0 = Debug|Any CPU
		{A7384CC9-7772-E0F4-BCA1-CF470212413B}.Release|Any CPU.ActiveCfg = Release|Any CPU
		{A7384CC9-7772-E0F4-BCA1-CF470212413B}.Release|Any CPU.Build.0 = Release|Any CPU
	EndGlobalSection
	GlobalSection(SolutionProperties) = preSolution
		HideSolutionNode = FALSE
	EndGlobalSection
	GlobalSection(ExtensibilityGlobals) = postSolution
		SolutionGuid = {724548F4-560E-4231-BFDA-E741F2BD330C}
	EndGlobalSection
EndGlobal
